<?xml version="1.0" encoding="utf-8"?>
<Project ToolsVersion="4.0" xmlns="http://schemas.microsoft.com/developer/msbuild/2003">
  <ItemGroup>
    <Filter Include="Src">
      <UniqueIdentifier>{176c5f1d-3a72-4b87-ac6c-5913a57ab3c3}</UniqueIdentifier>
    </Filter>
    <Filter Include="Resources">
      <UniqueIdentifier>{734cb313-d32f-4d97-8329-d6e541ca2918}</UniqueIdentifier>
    </Filter>
    <Filter Include="Data">
      <UniqueIdentifier>{2a91dfff-a0b5-4d72-8a37-6756ce421ee6}</UniqueIdentifier>
    </Filter>
  </ItemGroup>
  <ItemGroup>
    <ClCompile Include="..\..\Src\Main.cpp">
      <Filter>Src</Filter>
    </ClCompile>
    <AppxManifest Include="Package.appxmanifest">
      <Filter>Resources</Filter>
    </AppxManifest>
    <Image Include="SplashScreen.scale-200.png">
      <Filter>Resources</Filter>
    </Image>
    <Image Include="Square44x44Logo.scale-200.png">
      <Filter>Resources</Filter>
    </Image>
    <Image Include="Square44x44Logo.targetsize-24.png">
      <Filter>Resources</Filter>
    </Image>
    <Image Include="Square44x44Logo.targetsize-48.png">
      <Filter>Resources</Filter>
    </Image>
    <Image Include="Square44x44Logo.targetsize-256.png">
      <Filter>Resources</Filter>
    </Image>
    <Image Include="Square44x44Logo.targetsize-24_altform-unplated.png">
      <Filter>Resources</Filter>
    </Image>
    <Image Include="Square44x44Logo.targetsize-48_altform-unplated.png">
      <Filter>Resources</Filter>
    </Image>
    <Image Include="Square44x44Logo.targetsize-256_altform-unplated.png">
      <Filter>Resources</Filter>
    </Image>
    <Image Include="Square71x71Logo.scale-200.png">
      <Filter>Resources</Filter>
    </Image>
    <Image Include="Square150x150Logo.scale-200.png">
      <Filter>Resources</Filter>
    </Image>
    <Image Include="Square310x310Logo.scale-200.png">
      <Filter>Resources</Filter>
    </Image>
    <Image Include="StoreLogo.scale-200.png">
      <Filter>Resources</Filter>
    </Image>
    <Image Include="Wide310x150Logo.scale-200.png">
      <Filter>Resources</Filter>
    </Image>
    <CustomBuild Include="..\..\Data\App.xaml">
      <Filter>Data</Filter>
    </CustomBuild>
    <CustomBuild Include="..\..\Data\MainWindow.xaml">
      <Filter>Data</Filter>
    </CustomBuild>
    <CustomBuild Include="..\..\Data\Aero Matics Regular.ttf">
      <Filter>Data</Filter>
    </CustomBuild>
  </ItemGroup>
</Project>