<?xml version="1.0" encoding="utf-8"?>
<Project ToolsVersion="4.0" xmlns="http://schemas.microsoft.com/developer/msbuild/2003">
  <ItemGroup>
    <Filter Include="Src">
      <UniqueIdentifier>{f12baaa9-d431-4114-971c-42be802aa0c9}</UniqueIdentifier>
    </Filter>
    <Filter Include="Resources">
      <UniqueIdentifier>{58587a45-9385-4175-b1f0-83d7c365c69f}</UniqueIdentifier>
    </Filter>
    <Filter Include="Data">
      <UniqueIdentifier>{ce7d2a3b-9739-405b-95a0-afa9001cdc9d}</UniqueIdentifier>
    </Filter>
  </ItemGroup>
  <ItemGroup>
    <ClCompile Include="..\..\Src\Main.cpp">
      <Filter>Src</Filter>
    </ClCompile>
    <AppxManifest Include="Package.appxmanifest">
      <Filter>Resources</Filter>
    </AppxManifest>
    <Image Include="SplashScreen.scale-200.png">
      <Filter>Resources</Filter>
    </Image>
    <Image Include="Square44x44Logo.scale-200.png">
      <Filter>Resources</Filter>
    </Image>
    <Image Include="Square44x44Logo.targetsize-24.png">
      <Filter>Resources</Filter>
    </Image>
    <Image Include="Square44x44Logo.targetsize-48.png">
      <Filter>Resources</Filter>
    </Image>
    <Image Include="Square44x44Logo.targetsize-256.png">
      <Filter>Resources</Filter>
    </Image>
    <Image Include="Square44x44Logo.targetsize-24_altform-unplated.png">
      <Filter>Resources</Filter>
    </Image>
    <Image Include="Square44x44Logo.targetsize-48_altform-unplated.png">
      <Filter>Resources</Filter>
    </Image>
    <Image Include="Square44x44Logo.targetsize-256_altform-unplated.png">
      <Filter>Resources</Filter>
    </Image>
    <Image Include="Square71x71Logo.scale-200.png">
      <Filter>Resources</Filter>
    </Image>
    <Image Include="Square150x150Logo.scale-200.png">
      <Filter>Resources</Filter>
    </Image>
    <Image Include="Square310x310Logo.scale-200.png">
      <Filter>Resources</Filter>
    </Image>
    <Image Include="StoreLogo.scale-200.png">
      <Filter>Resources</Filter>
    </Image>
    <Image Include="Wide310x150Logo.scale-200.png">
      <Filter>Resources</Filter>
    </Image>
    <CustomBuild Include="..\..\Data\App.xaml">
      <Filter>Data</Filter>
    </CustomBuild>
    <CustomBuild Include="..\..\Data\MainWindow.xaml">
      <Filter>Data</Filter>
    </CustomBuild>
    <CustomBuild Include="..\..\Data\Aero Matics Regular.ttf">
      <Filter>Data</Filter>
    </CustomBuild>
  </ItemGroup>
</Project>